// !$*UTF8*$!
{
	archiveVersion = 1;
	classes = {
	};
	objectVersion = 46;
	objects = {

/* Begin PBXBuildFile section */
		A192FC611A487BDA00B36C15 /* main.m in Sources */ = {isa = PBXBuildFile; fileRef = A192FC601A487BDA00B36C15 /* main.m */; };
		A192FC641A487BDA00B36C15 /* AppDelegate.m in Sources */ = {isa = PBXBuildFile; fileRef = A192FC631A487BDA00B36C15 /* AppDelegate.m */; };
		A192FC671A487BDA00B36C15 /* ViewController.m in Sources */ = {isa = PBXBuildFile; fileRef = A192FC661A487BDA00B36C15 /* ViewController.m */; };
		A192FC6C1A487BDA00B36C15 /* Images.xcassets in Resources */ = {isa = PBXBuildFile; fileRef = A192FC6B1A487BDA00B36C15 /* Images.xcassets */; };
		A192FC7B1A487BDA00B36C15 /* BlocBrowserTests.m in Sources */ = {isa = PBXBuildFile; fileRef = A192FC7A1A487BDA00B36C15 /* BlocBrowserTests.m */; };
		A192FC861A487D1300B36C15 /* WebBrowserViewController.m in Sources */ = {isa = PBXBuildFile; fileRef = A192FC851A487D1300B36C15 /* WebBrowserViewController.m */; };
		A192FC891A49E6EC00B36C15 /* AwesomeFloatingToolbar.m in Sources */ = {isa = PBXBuildFile; fileRef = A192FC881A49E6EC00B36C15 /* AwesomeFloatingToolbar.m */; };
/* End PBXBuildFile section */

/* Begin PBXContainerItemProxy section */
		A192FC751A487BDA00B36C15 /* PBXContainerItemProxy */ = {
			isa = PBXContainerItemProxy;
			containerPortal = A192FC531A487BD900B36C15 /* Project object */;
			proxyType = 1;
			remoteGlobalIDString = A192FC5A1A487BD900B36C15;
			remoteInfo = BlocBrowser;
		};
/* End PBXContainerItemProxy section */

/* Begin PBXFileReference section */
		A192FC5B1A487BDA00B36C15 /* BlocBrowser.app */ = {isa = PBXFileReference; explicitFileType = wrapper.application; includeInIndex = 0; path = BlocBrowser.app; sourceTree = BUILT_PRODUCTS_DIR; };
		A192FC5F1A487BDA00B36C15 /* Info.plist */ = {isa = PBXFileReference; lastKnownFileType = text.plist.xml; path = Info.plist; sourceTree = "<group>"; };
		A192FC601A487BDA00B36C15 /* main.m */ = {isa = PBXFileReference; lastKnownFileType = sourcecode.c.objc; path = main.m; sourceTree = "<group>"; };
		A192FC621A487BDA00B36C15 /* AppDelegate.h */ = {isa = PBXFileReference; lastKnownFileType = sourcecode.c.h; path = AppDelegate.h; sourceTree = "<group>"; };
		A192FC631A487BDA00B36C15 /* AppDelegate.m */ = {isa = PBXFileReference; lastKnownFileType = sourcecode.c.objc; path = AppDelegate.m; sourceTree = "<group>"; };
		A192FC651A487BDA00B36C15 /* ViewController.h */ = {isa = PBXFileReference; lastKnownFileType = sourcecode.c.h; path = ViewController.h; sourceTree = "<group>"; };
		A192FC661A487BDA00B36C15 /* ViewController.m */ = {isa = PBXFileReference; lastKnownFileType = sourcecode.c.objc; path = ViewController.m; sourceTree = "<group>"; };
		A192FC6B1A487BDA00B36C15 /* Images.xcassets */ = {isa = PBXFileReference; lastKnownFileType = folder.assetcatalog; path = Images.xcassets; sourceTree = "<group>"; };
		A192FC741A487BDA00B36C15 /* BlocBrowserTests.xctest */ = {isa = PBXFileReference; explicitFileType = wrapper.cfbundle; includeInIndex = 0; path = BlocBrowserTests.xctest; sourceTree = BUILT_PRODUCTS_DIR; };
		A192FC791A487BDA00B36C15 /* Info.plist */ = {isa = PBXFileReference; lastKnownFileType = text.plist.xml; path = Info.plist; sourceTree = "<group>"; };
		A192FC7A1A487BDA00B36C15 /* BlocBrowserTests.m */ = {isa = PBXFileReference; lastKnownFileType = sourcecode.c.objc; path = BlocBrowserTests.m; sourceTree = "<group>"; };
		A192FC841A487D1300B36C15 /* WebBrowserViewController.h */ = {isa = PBXFileReference; fileEncoding = 4; lastKnownFileType = sourcecode.c.h; path = WebBrowserViewController.h; sourceTree = "<group>"; };
		A192FC851A487D1300B36C15 /* WebBrowserViewController.m */ = {isa = PBXFileReference; fileEncoding = 4; lastKnownFileType = sourcecode.c.objc; path = WebBrowserViewController.m; sourceTree = "<group>"; };
		A192FC871A49E6EC00B36C15 /* AwesomeFloatingToolbar.h */ = {isa = PBXFileReference; fileEncoding = 4; lastKnownFileType = sourcecode.c.h; path = AwesomeFloatingToolbar.h; sourceTree = "<group>"; };
		A192FC881A49E6EC00B36C15 /* AwesomeFloatingToolbar.m */ = {isa = PBXFileReference; fileEncoding = 4; lastKnownFileType = sourcecode.c.objc; path = AwesomeFloatingToolbar.m; sourceTree = "<group>"; };
/* End PBXFileReference section */

/* Begin PBXFrameworksBuildPhase section */
		A192FC581A487BD900B36C15 /* Frameworks */ = {
			isa = PBXFrameworksBuildPhase;
			buildActionMask = 2147483647;
			files = (
			);
			runOnlyForDeploymentPostprocessing = 0;
		};
		A192FC711A487BDA00B36C15 /* Frameworks */ = {
			isa = PBXFrameworksBuildPhase;
			buildActionMask = 2147483647;
			files = (
			);
			runOnlyForDeploymentPostprocessing = 0;
		};
/* End PBXFrameworksBuildPhase section */

/* Begin PBXGroup section */
		A192FC521A487BD900B36C15 = {
			isa = PBXGroup;
			children = (
				A192FC5D1A487BDA00B36C15 /* BlocBrowser */,
				A192FC771A487BDA00B36C15 /* BlocBrowserTests */,
				A192FC5C1A487BDA00B36C15 /* Products */,
			);
			sourceTree = "<group>";
		};
		A192FC5C1A487BDA00B36C15 /* Products */ = {
			isa = PBXGroup;
			children = (
				A192FC5B1A487BDA00B36C15 /* BlocBrowser.app */,
				A192FC741A487BDA00B36C15 /* BlocBrowserTests.xctest */,
			);
			name = Products;
			sourceTree = "<group>";
		};
		A192FC5D1A487BDA00B36C15 /* BlocBrowser */ = {
			isa = PBXGroup;
			children = (
				A192FC621A487BDA00B36C15 /* AppDelegate.h */,
				A192FC631A487BDA00B36C15 /* AppDelegate.m */,
				A192FC871A49E6EC00B36C15 /* AwesomeFloatingToolbar.h */,
				A192FC881A49E6EC00B36C15 /* AwesomeFloatingToolbar.m */,
				A192FC651A487BDA00B36C15 /* ViewController.h */,
				A192FC661A487BDA00B36C15 /* ViewController.m */,
				A192FC841A487D1300B36C15 /* WebBrowserViewController.h */,
				A192FC851A487D1300B36C15 /* WebBrowserViewController.m */,
				A192FC6B1A487BDA00B36C15 /* Images.xcassets */,
				A192FC5E1A487BDA00B36C15 /* Supporting Files */,
			);
			path = BlocBrowser;
			sourceTree = "<group>";
		};
		A192FC5E1A487BDA00B36C15 /* Supporting Files */ = {
			isa = PBXGroup;
			children = (
				A192FC5F1A487BDA00B36C15 /* Info.plist */,
				A192FC601A487BDA00B36C15 /* main.m */,
			);
			name = "Supporting Files";
			sourceTree = "<group>";
		};
		A192FC771A487BDA00B36C15 /* BlocBrowserTests */ = {
			isa = PBXGroup;
			children = (
				A192FC7A1A487BDA00B36C15 /* BlocBrowserTests.m */,
				A192FC781A487BDA00B36C15 /* Supporting Files */,
			);
			path = BlocBrowserTests;
			sourceTree = "<group>";
		};
		A192FC781A487BDA00B36C15 /* Supporting Files */ = {
			isa = PBXGroup;
			children = (
				A192FC791A487BDA00B36C15 /* Info.plist */,
			);
			name = "Supporting Files";
			sourceTree = "<group>";
		};
/* End PBXGroup section */

/* Begin PBXNativeTarget section */
		A192FC5A1A487BD900B36C15 /* BlocBrowser */ = {
			isa = PBXNativeTarget;
			buildConfigurationList = A192FC7E1A487BDA00B36C15 /* Build configuration list for PBXNativeTarget "BlocBrowser" */;
			buildPhases = (
				A192FC571A487BD900B36C15 /* Sources */,
				A192FC581A487BD900B36C15 /* Frameworks */,
				A192FC591A487BD900B36C15 /* Resources */,
			);
			buildRules = (
			);
			dependencies = (
			);
			name = BlocBrowser;
			productName = BlocBrowser;
			productReference = A192FC5B1A487BDA00B36C15 /* BlocBrowser.app */;
			productType = "com.apple.product-type.application";
		};
		A192FC731A487BDA00B36C15 /* BlocBrowserTests */ = {
			isa = PBXNativeTarget;
			buildConfigurationList = A192FC811A487BDA00B36C15 /* Build configuration list for PBXNativeTarget "BlocBrowserTests" */;
			buildPhases = (
				A192FC701A487BDA00B36C15 /* Sources */,
				A192FC711A487BDA00B36C15 /* Frameworks */,
				A192FC721A487BDA00B36C15 /* Resources */,
			);
			buildRules = (
			);
			dependencies = (
				A192FC761A487BDA00B36C15 /* PBXTargetDependency */,
			);
			name = BlocBrowserTests;
			productName = BlocBrowserTests;
			productReference = A192FC741A487BDA00B36C15 /* BlocBrowserTests.xctest */;
			productType = "com.apple.product-type.bundle.unit-test";
		};
/* End PBXNativeTarget section */

/* Begin PBXProject section */
		A192FC531A487BD900B36C15 /* Project object */ = {
			isa = PBXProject;
			attributes = {
				LastUpgradeCheck = 0610;
				ORGANIZATIONNAME = "Tmrw, Inc.";
				TargetAttributes = {
					A192FC5A1A487BD900B36C15 = {
						CreatedOnToolsVersion = 6.1.1;
					};
					A192FC731A487BDA00B36C15 = {
						CreatedOnToolsVersion = 6.1.1;
						TestTargetID = A192FC5A1A487BD900B36C15;
					};
				};
			};
			buildConfigurationList = A192FC561A487BD900B36C15 /* Build configuration list for PBXProject "BlocBrowser" */;
			compatibilityVersion = "Xcode 3.2";
			developmentRegion = English;
			hasScannedForEncodings = 0;
			knownRegions = (
				en,
				Base,
			);
			mainGroup = A192FC521A487BD900B36C15;
			productRefGroup = A192FC5C1A487BDA00B36C15 /* Products */;
			projectDirPath = "";
			projectRoot = "";
			targets = (
				A192FC5A1A487BD900B36C15 /* BlocBrowser */,
				A192FC731A487BDA00B36C15 /* BlocBrowserTests */,
			);
		};
/* End PBXProject section */

/* Begin PBXResourcesBuildPhase section */
		A192FC591A487BD900B36C15 /* Resources */ = {
			isa = PBXResourcesBuildPhase;
			buildActionMask = 2147483647;
			files = (
				A192FC6C1A487BDA00B36C15 /* Images.xcassets in Resources */,
			);
			runOnlyForDeploymentPostprocessing = 0;
		};
		A192FC721A487BDA00B36C15 /* Resources */ = {
			isa = PBXResourcesBuildPhase;
			buildActionMask = 2147483647;
			files = (
			);
			runOnlyForDeploymentPostprocessing = 0;
		};
/* End PBXResourcesBuildPhase section */

/* Begin PBXSourcesBuildPhase section */
		A192FC571A487BD900B36C15 /* Sources */ = {
			isa = PBXSourcesBuildPhase;
			buildActionMask = 2147483647;
			files = (
				A192FC671A487BDA00B36C15 /* ViewController.m in Sources */,
				A192FC641A487BDA00B36C15 /* AppDelegate.m in Sources */,
				A192FC891A49E6EC00B36C15 /* AwesomeFloatingToolbar.m in Sources */,
				A192FC861A487D1300B36C15 /* WebBrowserViewController.m in Sources */,
				A192FC611A487BDA00B36C15 /* main.m in Sources */,
			);
			runOnlyForDeploymentPostprocessing = 0;
		};
		A192FC701A487BDA00B36C15 /* Sources */ = {
			isa = PBXSourcesBuildPhase;
			buildActionMask = 2147483647;
			files = (
				A192FC7B1A487BDA00B36C15 /* BlocBrowserTests.m in Sources */,
			);
			runOnlyForDeploymentPostprocessing = 0;
		};
/* End PBXSourcesBuildPhase section */

/* Begin PBXTargetDependency section */
		A192FC761A487BDA00B36C15 /* PBXTargetDependency */ = {
			isa = PBXTargetDependency;
			target = A192FC5A1A487BD900B36C15 /* BlocBrowser */;
			targetProxy = A192FC751A487BDA00B36C15 /* PBXContainerItemProxy */;
		};
/* End PBXTargetDependency section */

/* Begin XCBuildConfiguration section */
		A192FC7C1A487BDA00B36C15 /* Debug */ = {
			isa = XCBuildConfiguration;
			buildSettings = {
				ALWAYS_SEARCH_USER_PATHS = NO;
				CLANG_CXX_LANGUAGE_STANDARD = "gnu++0x";
				CLANG_CXX_LIBRARY = "libc++";
				CLANG_ENABLE_MODULES = YES;
				CLANG_ENABLE_OBJC_ARC = YES;
				CLANG_WARN_BOOL_CONVERSION = YES;
				CLANG_WARN_CONSTANT_CONVERSION = YES;
				CLANG_WARN_DIRECT_OBJC_ISA_USAGE = YES_ERROR;
				CLANG_WARN_EMPTY_BODY = YES;
				CLANG_WARN_ENUM_CONVERSION = YES;
				CLANG_WARN_INT_CONVERSION = YES;
				CLANG_WARN_OBJC_ROOT_CLASS = YES_ERROR;
				CLANG_WARN_UNREACHABLE_CODE = YES;
				CLANG_WARN__DUPLICATE_METHOD_MATCH = YES;
				"CODE_SIGN_IDENTITY[sdk=iphoneos*]" = "iPhone Developer";
				COPY_PHASE_STRIP = NO;
				ENABLE_STRICT_OBJC_MSGSEND = YES;
				GCC_C_LANGUAGE_STANDARD = gnu99;
				GCC_DYNAMIC_NO_PIC = NO;
				GCC_OPTIMIZATION_LEVEL = 0;
				GCC_PREPROCESSOR_DEFINITIONS = (
					"DEBUG=1",
					"$(inherited)",
				);
				GCC_SYMBOLS_PRIVATE_EXTERN = NO;
				GCC_WARN_64_TO_32_BIT_CONVERSION = YES;
				GCC_WARN_ABOUT_RETURN_TYPE = YES_ERROR;
				GCC_WARN_UNDECLARED_SELECTOR = YES;
				GCC_WARN_UNINITIALIZED_AUTOS = YES_AGGRESSIVE;
				GCC_WARN_UNUSED_FUNCTION = YES;
				GCC_WARN_UNUSED_VARIABLE = YES;
				IPHONEOS_DEPLOYMENT_TARGET = 8.1;
				MTL_ENABLE_DEBUG_INFO = YES;
				ONLY_ACTIVE_ARCH = YES;
				SDKROOT = iphoneos;
				TARGETED_DEVICE_FAMILY = "1,2";
			};
			name = Debug;
		};
		A192FC7D1A487BDA00B36C15 /* Release */ = {
			isa = XCBuildConfiguration;
			buildSettings = {
				ALWAYS_SEARCH_USER_PATHS = NO;
				CLANG_CXX_LANGUAGE_STANDARD = "gnu++0x";
				CLANG_CXX_LIBRARY = "libc++";
				CLANG_ENABLE_MODULES = YES;
				CLANG_ENABLE_OBJC_ARC = YES;
				CLANG_WARN_BOOL_CONVERSION = YES;
				CLANG_WARN_CONSTANT_CONVERSION = YES;
				CLANG_WARN_DIRECT_OBJC_ISA_USAGE = YES_ERROR;
				CLANG_WARN_EMPTY_BODY = YES;
				CLANG_WARN_ENUM_CONVERSION = YES;
				CLANG_WARN_INT_CONVERSION = YES;
				CLANG_WARN_OBJC_ROOT_CLASS = YES_ERROR;
				CLANG_WARN_UNREACHABLE_CODE = YES;
				CLANG_WARN__DUPLICATE_METHOD_MATCH = YES;
				"CODE_SIGN_IDENTITY[sdk=iphoneos*]" = "iPhone Developer";
				COPY_PHASE_STRIP = YES;
				ENABLE_NS_ASSERTIONS = NO;
				ENABLE_STRICT_OBJC_MSGSEND = YES;
				GCC_C_LANGUAGE_STANDARD = gnu99;
				GCC_WARN_64_TO_32_BIT_CONVERSION = YES;
				GCC_WARN_ABOUT_RETURN_TYPE = YES_ERROR;
				GCC_WARN_UNDECLARED_SELECTOR = YES;
				GCC_WARN_UNINITIALIZED_AUTOS = YES_AGGRESSIVE;
				GCC_WARN_UNUSED_FUNCTION = YES;
				GCC_WARN_UNUSED_VARIABLE = YES;
				IPHONEOS_DEPLOYMENT_TARGET = 8.1;
				MTL_ENABLE_DEBUG_INFO = NO;
				SDKROOT = iphoneos;
				TARGETED_DEVICE_FAMILY = "1,2";
				VALIDATE_PRODUCT = YES;
			};
			name = Release;
		};
		A192FC7F1A487BDA00B36C15 /* Debug */ = {
			isa = XCBuildConfiguration;
			buildSettings = {
				ASSETCATALOG_COMPILER_APPICON_NAME = AppIcon;
				INFOPLIST_FILE = BlocBrowser/Info.plist;
				LD_RUNPATH_SEARCH_PATHS = "$(inherited) @executable_path/Frameworks";
				PRODUCT_NAME = "$(TARGET_NAME)";
			};
			name = Debug;
		};
		A192FC801A487BDA00B36C15 /* Release */ = {
			isa = XCBuildConfiguration;
			buildSettings = {
				ASSETCATALOG_COMPILER_APPICON_NAME = AppIcon;
				INFOPLIST_FILE = BlocBrowser/Info.plist;
				LD_RUNPATH_SEARCH_PATHS = "$(inherited) @executable_path/Frameworks";
				PRODUCT_NAME = "$(TARGET_NAME)";
			};
			name = Release;
		};
		A192FC821A487BDA00B36C15 /* Debug */ = {
			isa = XCBuildConfiguration;
			buildSettings = {
				BUNDLE_LOADER = "$(TEST_HOST)";
				FRAMEWORK_SEARCH_PATHS = (
					"$(SDKROOT)/Developer/Library/Frameworks",
					"$(inherited)",
				);
				GCC_PREPROCESSOR_DEFINITIONS = (
					"DEBUG=1",
					"$(inherited)",
				);
				INFOPLIST_FILE = BlocBrowserTests/Info.plist;
				LD_RUNPATH_SEARCH_PATHS = "$(inherited) @executable_path/Frameworks @loader_path/Frameworks";
				PRODUCT_NAME = "$(TARGET_NAME)";
				TEST_HOST = "$(BUILT_PRODUCTS_DIR)/BlocBrowser.app/BlocBrowser";
			};
			name = Debug;
		};
		A192FC831A487BDA00B36C15 /* Release */ = {
			isa = XCBuildConfiguration;
			buildSettings = {
				BUNDLE_LOADER = "$(TEST_HOST)";
				FRAMEWORK_SEARCH_PATHS = (
					"$(SDKROOT)/Developer/Library/Frameworks",
					"$(inherited)",
				);
				INFOPLIST_FILE = BlocBrowserTests/Info.plist;
				LD_RUNPATH_SEARCH_PATHS = "$(inherited) @executable_path/Frameworks @loader_path/Frameworks";
				PRODUCT_NAME = "$(TARGET_NAME)";
				TEST_HOST = "$(BUILT_PRODUCTS_DIR)/BlocBrowser.app/BlocBrowser";
			};
			name = Release;
		};
/* End XCBuildConfiguration section */

/* Begin XCConfigurationList section */
		A192FC561A487BD900B36C15 /* Build configuration list for PBXProject "BlocBrowser" */ = {
			isa = XCConfigurationList;
			buildConfigurations = (
				A192FC7C1A487BDA00B36C15 /* Debug */,
				A192FC7D1A487BDA00B36C15 /* Release */,
			);
			defaultConfigurationIsVisible = 0;
			defaultConfigurationName = Release;
		};
		A192FC7E1A487BDA00B36C15 /* Build configuration list for PBXNativeTarget "BlocBrowser" */ = {
			isa = XCConfigurationList;
			buildConfigurations = (
				A192FC7F1A487BDA00B36C15 /* Debug */,
				A192FC801A487BDA00B36C15 /* Release */,
			);
			defaultConfigurationIsVisible = 0;
		};
		A192FC811A487BDA00B36C15 /* Build configuration list for PBXNativeTarget "BlocBrowserTests" */ = {
			isa = XCConfigurationList;
			buildConfigurations = (
				A192FC821A487BDA00B36C15 /* Debug */,
				A192FC831A487BDA00B36C15 /* Release */,
			);
			defaultConfigurationIsVisible = 0;
		};
/* End XCConfigurationList section */
	};
	rootObject = A192FC531A487BD900B36C15 /* Project object */;
}
